
Microsoft Visual Studio Solution File, Format Version 12.00
# Visual Studio Version 17
VisualStudioVersion = 17.11.35327.3
MinimumVisualStudioVersion = 10.0.40219.1
Project("{FAE04EC0-301F-11D3-BF4B-00C04F79EFBC}") = "Ingrediente_si_Retete", "Ingrediente_si_Retete.csproj", "{4EC060FB-79E9-4ECE-87CA-806E37AFEE78}"
EndProject
Global
	GlobalSection(SolutionConfigurationPlatforms) = preSolution
		Debug|Any CPU = Debug|Any CPU
		Release|Any CPU = Release|Any CPU
	EndGlobalSection
	GlobalSection(ProjectConfigurationPlatforms) = postSolution
		{4EC060FB-79E9-4ECE-87CA-806E37AFEE78}.Debug|Any CPU.ActiveCfg = Debug|Any CPU
		{4EC060FB-79E9-4ECE-87CA-806E37AFEE78}.Debug|Any CPU.Build.0 = Debug|Any CPU
		{4EC060FB-79E9-4ECE-87CA-806E37AFEE78}.Debug|Any CPU.Deploy.0 = Debug|Any CPU
		{4EC060FB-79E9-4ECE-87CA-806E37AFEE78}.Release|Any CPU.ActiveCfg = Release|Any CPU
		{4EC060FB-79E9-4ECE-87CA-806E37AFEE78}.Release|Any CPU.Build.0 = Release|Any CPU
		{4EC060FB-79E9-4ECE-87CA-806E37AFEE78}.Release|Any CPU.Deploy.0 = Release|Any CPU
	EndGlobalSection
	GlobalSection(SolutionProperties) = preSolution
		HideSolutionNode = FALSE
	EndGlobalSection
	GlobalSection(ExtensibilityGlobals) = postSolution
		SolutionGuid = {05185C81-29BB-4DD7-895C-3CB0E6F582B5}
	EndGlobalSection
EndGlobal
